// !$*UTF8*$!
{
	archiveVersion = 1;
	classes = {
	};
	objectVersion = 46;
	objects = {

/* Begin PBXBuildFile section */
		092058AAAABC7DEFB3BB7CE2 /* libPods.a in Frameworks */ = {isa = PBXBuildFile; fileRef = 9B4FC4C8ED61AD7D333647B5 /* libPods.a */; };
		CC365A7E1B3888650029E716 /* main.m in Sources */ = {isa = PBXBuildFile; fileRef = CC365A7D1B3888650029E716 /* main.m */; };
		CC365A811B3888650029E716 /* AppDelegate.m in Sources */ = {isa = PBXBuildFile; fileRef = CC365A801B3888650029E716 /* AppDelegate.m */; };
		CC365A841B3888650029E716 /* ViewController.m in Sources */ = {isa = PBXBuildFile; fileRef = CC365A831B3888650029E716 /* ViewController.m */; };
		CC365A871B3888650029E716 /* Main.storyboard in Resources */ = {isa = PBXBuildFile; fileRef = CC365A851B3888650029E716 /* Main.storyboard */; };
		CC365A891B3888650029E716 /* Images.xcassets in Resources */ = {isa = PBXBuildFile; fileRef = CC365A881B3888650029E716 /* Images.xcassets */; };
		CC365A8C1B3888650029E716 /* LaunchScreen.xib in Resources */ = {isa = PBXBuildFile; fileRef = CC365A8A1B3888650029E716 /* LaunchScreen.xib */; };
		CC365A981B3888660029E716 /* KILabel_AutoshrinkTests.m in Sources */ = {isa = PBXBuildFile; fileRef = CC365A971B3888660029E716 /* KILabel_AutoshrinkTests.m */; };
/* End PBXBuildFile section */

/* Begin PBXContainerItemProxy section */
		CC365A921B3888660029E716 /* PBXContainerItemProxy */ = {
			isa = PBXContainerItemProxy;
			containerPortal = CC365A701B3888650029E716 /* Project object */;
			proxyType = 1;
			remoteGlobalIDString = CC365A771B3888650029E716;
			remoteInfo = KILabel_Autoshrink;
		};
/* End PBXContainerItemProxy section */

/* Begin PBXFileReference section */
		6CE37C415E46FF33FAE5BC18 /* Pods.debug.xcconfig */ = {isa = PBXFileReference; includeInIndex = 1; lastKnownFileType = text.xcconfig; name = Pods.debug.xcconfig; path = "Pods/Target Support Files/Pods/Pods.debug.xcconfig"; sourceTree = "<group>"; };
		9B4FC4C8ED61AD7D333647B5 /* libPods.a */ = {isa = PBXFileReference; explicitFileType = archive.ar; includeInIndex = 0; path = libPods.a; sourceTree = BUILT_PRODUCTS_DIR; };
		CAD5188DA33786F18E736E85 /* Pods.release.xcconfig */ = {isa = PBXFileReference; includeInIndex = 1; lastKnownFileType = text.xcconfig; name = Pods.release.xcconfig; path = "Pods/Target Support Files/Pods/Pods.release.xcconfig"; sourceTree = "<group>"; };
		CC365A781B3888650029E716 /* KILabel_Autoshrink.app */ = {isa = PBXFileReference; explicitFileType = wrapper.application; includeInIndex = 0; path = KILabel_Autoshrink.app; sourceTree = BUILT_PRODUCTS_DIR; };
		CC365A7C1B3888650029E716 /* Info.plist */ = {isa = PBXFileReference; lastKnownFileType = text.plist.xml; path = Info.plist; sourceTree = "<group>"; };
		CC365A7D1B3888650029E716 /* main.m */ = {isa = PBXFileReference; lastKnownFileType = sourcecode.c.objc; path = main.m; sourceTree = "<group>"; };
		CC365A7F1B3888650029E716 /* AppDelegate.h */ = {isa = PBXFileReference; lastKnownFileType = sourcecode.c.h; path = AppDelegate.h; sourceTree = "<group>"; };
		CC365A801B3888650029E716 /* AppDelegate.m */ = {isa = PBXFileReference; lastKnownFileType = sourcecode.c.objc; path = AppDelegate.m; sourceTree = "<group>"; };
		CC365A821B3888650029E716 /* ViewController.h */ = {isa = PBXFileReference; lastKnownFileType = sourcecode.c.h; path = ViewController.h; sourceTree = "<group>"; };
		CC365A831B3888650029E716 /* ViewController.m */ = {isa = PBXFileReference; lastKnownFileType = sourcecode.c.objc; path = ViewController.m; sourceTree = "<group>"; };
		CC365A861B3888650029E716 /* Base */ = {isa = PBXFileReference; lastKnownFileType = file.storyboard; name = Base; path = Base.lproj/Main.storyboard; sourceTree = "<group>"; };
		CC365A881B3888650029E716 /* Images.xcassets */ = {isa = PBXFileReference; lastKnownFileType = folder.assetcatalog; path = Images.xcassets; sourceTree = "<group>"; };
		CC365A8B1B3888650029E716 /* Base */ = {isa = PBXFileReference; lastKnownFileType = file.xib; name = Base; path = Base.lproj/LaunchScreen.xib; sourceTree = "<group>"; };
		CC365A911B3888660029E716 /* KILabel_AutoshrinkTests.xctest */ = {isa = PBXFileReference; explicitFileType = wrapper.cfbundle; includeInIndex = 0; path = KILabel_AutoshrinkTests.xctest; sourceTree = BUILT_PRODUCTS_DIR; };
		CC365A961B3888660029E716 /* Info.plist */ = {isa = PBXFileReference; lastKnownFileType = text.plist.xml; path = Info.plist; sourceTree = "<group>"; };
		CC365A971B3888660029E716 /* KILabel_AutoshrinkTests.m */ = {isa = PBXFileReference; lastKnownFileType = sourcecode.c.objc; path = KILabel_AutoshrinkTests.m; sourceTree = "<group>"; };
/* End PBXFileReference section */

/* Begin PBXFrameworksBuildPhase section */
		CC365A751B3888650029E716 /* Frameworks */ = {
			isa = PBXFrameworksBuildPhase;
			buildActionMask = 2147483647;
			files = (
				092058AAAABC7DEFB3BB7CE2 /* libPods.a in Frameworks */,
			);
			runOnlyForDeploymentPostprocessing = 0;
		};
		CC365A8E1B3888660029E716 /* Frameworks */ = {
			isa = PBXFrameworksBuildPhase;
			buildActionMask = 2147483647;
			files = (
			);
			runOnlyForDeploymentPostprocessing = 0;
		};
/* End PBXFrameworksBuildPhase section */

/* Begin PBXGroup section */
		0A71875862CB00FA9CE8CB81 /* Frameworks */ = {
			isa = PBXGroup;
			children = (
				9B4FC4C8ED61AD7D333647B5 /* libPods.a */,
			);
			name = Frameworks;
			sourceTree = "<group>";
		};
		AFA1FE0CCFC0C763B5E1A3BC /* Pods */ = {
			isa = PBXGroup;
			children = (
				6CE37C415E46FF33FAE5BC18 /* Pods.debug.xcconfig */,
				CAD5188DA33786F18E736E85 /* Pods.release.xcconfig */,
			);
			name = Pods;
			sourceTree = "<group>";
		};
		CC365A6F1B3888650029E716 = {
			isa = PBXGroup;
			children = (
				CC365A7A1B3888650029E716 /* KILabel_Autoshrink */,
				CC365A941B3888660029E716 /* KILabel_AutoshrinkTests */,
				CC365A791B3888650029E716 /* Products */,
				AFA1FE0CCFC0C763B5E1A3BC /* Pods */,
				0A71875862CB00FA9CE8CB81 /* Frameworks */,
			);
			sourceTree = "<group>";
		};
		CC365A791B3888650029E716 /* Products */ = {
			isa = PBXGroup;
			children = (
				CC365A781B3888650029E716 /* KILabel_Autoshrink.app */,
				CC365A911B3888660029E716 /* KILabel_AutoshrinkTests.xctest */,
			);
			name = Products;
			sourceTree = "<group>";
		};
		CC365A7A1B3888650029E716 /* KILabel_Autoshrink */ = {
			isa = PBXGroup;
			children = (
				CC365A7F1B3888650029E716 /* AppDelegate.h */,
				CC365A801B3888650029E716 /* AppDelegate.m */,
				CC365A821B3888650029E716 /* ViewController.h */,
				CC365A831B3888650029E716 /* ViewController.m */,
				CC365A851B3888650029E716 /* Main.storyboard */,
				CC365A881B3888650029E716 /* Images.xcassets */,
				CC365A8A1B3888650029E716 /* LaunchScreen.xib */,
				CC365A7B1B3888650029E716 /* Supporting Files */,
			);
			path = KILabel_Autoshrink;
			sourceTree = "<group>";
		};
		CC365A7B1B3888650029E716 /* Supporting Files */ = {
			isa = PBXGroup;
			children = (
				CC365A7C1B3888650029E716 /* Info.plist */,
				CC365A7D1B3888650029E716 /* main.m */,
			);
			name = "Supporting Files";
			sourceTree = "<group>";
		};
		CC365A941B3888660029E716 /* KILabel_AutoshrinkTests */ = {
			isa = PBXGroup;
			children = (
				CC365A971B3888660029E716 /* KILabel_AutoshrinkTests.m */,
				CC365A951B3888660029E716 /* Supporting Files */,
			);
			path = KILabel_AutoshrinkTests;
			sourceTree = "<group>";
		};
		CC365A951B3888660029E716 /* Supporting Files */ = {
			isa = PBXGroup;
			children = (
				CC365A961B3888660029E716 /* Info.plist */,
			);
			name = "Supporting Files";
			sourceTree = "<group>";
		};
/* End PBXGroup section */

/* Begin PBXNativeTarget section */
		CC365A771B3888650029E716 /* KILabel_Autoshrink */ = {
			isa = PBXNativeTarget;
			buildConfigurationList = CC365A9B1B3888660029E716 /* Build configuration list for PBXNativeTarget "KILabel_Autoshrink" */;
			buildPhases = (
				E1180E9B106315E9F5905361 /* Check Pods Manifest.lock */,
				CC365A741B3888650029E716 /* Sources */,
				CC365A751B3888650029E716 /* Frameworks */,
				CC365A761B3888650029E716 /* Resources */,
				23AE3B59F66A88CE2C6A856C /* Copy Pods Resources */,
			);
			buildRules = (
			);
			dependencies = (
			);
			name = KILabel_Autoshrink;
			productName = KILabel_Autoshrink;
			productReference = CC365A781B3888650029E716 /* KILabel_Autoshrink.app */;
			productType = "com.apple.product-type.application";
		};
		CC365A901B3888660029E716 /* KILabel_AutoshrinkTests */ = {
			isa = PBXNativeTarget;
			buildConfigurationList = CC365A9E1B3888660029E716 /* Build configuration list for PBXNativeTarget "KILabel_AutoshrinkTests" */;
			buildPhases = (
				CC365A8D1B3888660029E716 /* Sources */,
				CC365A8E1B3888660029E716 /* Frameworks */,
				CC365A8F1B3888660029E716 /* Resources */,
			);
			buildRules = (
			);
			dependencies = (
				CC365A931B3888660029E716 /* PBXTargetDependency */,
			);
			name = KILabel_AutoshrinkTests;
			productName = KILabel_AutoshrinkTests;
			productReference = CC365A911B3888660029E716 /* KILabel_AutoshrinkTests.xctest */;
			productType = "com.apple.product-type.bundle.unit-test";
		};
/* End PBXNativeTarget section */

/* Begin PBXProject section */
		CC365A701B3888650029E716 /* Project object */ = {
			isa = PBXProject;
			attributes = {
				LastUpgradeCheck = 0630;
				ORGANIZATIONNAME = VictorBerga.com;
				TargetAttributes = {
					CC365A771B3888650029E716 = {
						CreatedOnToolsVersion = 6.3.2;
					};
					CC365A901B3888660029E716 = {
						CreatedOnToolsVersion = 6.3.2;
						TestTargetID = CC365A771B3888650029E716;
					};
				};
			};
			buildConfigurationList = CC365A731B3888650029E716 /* Build configuration list for PBXProject "KILabel_Autoshrink" */;
			compatibilityVersion = "Xcode 3.2";
			developmentRegion = English;
			hasScannedForEncodings = 0;
			knownRegions = (
				en,
				Base,
			);
			mainGroup = CC365A6F1B3888650029E716;
			productRefGroup = CC365A791B3888650029E716 /* Products */;
			projectDirPath = "";
			projectRoot = "";
			targets = (
				CC365A771B3888650029E716 /* KILabel_Autoshrink */,
				CC365A901B3888660029E716 /* KILabel_AutoshrinkTests */,
			);
		};
/* End PBXProject section */

/* Begin PBXResourcesBuildPhase section */
		CC365A761B3888650029E716 /* Resources */ = {
			isa = PBXResourcesBuildPhase;
			buildActionMask = 2147483647;
			files = (
				CC365A871B3888650029E716 /* Main.storyboard in Resources */,
				CC365A8C1B3888650029E716 /* LaunchScreen.xib in Resources */,
				CC365A891B3888650029E716 /* Images.xcassets in Resources */,
			);
			runOnlyForDeploymentPostprocessing = 0;
		};
		CC365A8F1B3888660029E716 /* Resources */ = {
			isa = PBXResourcesBuildPhase;
			buildActionMask = 2147483647;
			files = (
			);
			runOnlyForDeploymentPostprocessing = 0;
		};
/* End PBXResourcesBuildPhase section */

/* Begin PBXShellScriptBuildPhase section */
		23AE3B59F66A88CE2C6A856C /* Copy Pods Resources */ = {
			isa = PBXShellScriptBuildPhase;
			buildActionMask = 2147483647;
			files = (
			);
			inputPaths = (
			);
			name = "Copy Pods Resources";
			outputPaths = (
			);
			runOnlyForDeploymentPostprocessing = 0;
			shellPath = /bin/sh;
			shellScript = "\"${SRCROOT}/Pods/Target Support Files/Pods/Pods-resources.sh\"\n";
			showEnvVarsInLog = 0;
		};
		E1180E9B106315E9F5905361 /* Check Pods Manifest.lock */ = {
			isa = PBXShellScriptBuildPhase;
			buildActionMask = 2147483647;
			files = (
			);
			inputPaths = (
			);
			name = "Check Pods Manifest.lock";
			outputPaths = (
			);
			runOnlyForDeploymentPostprocessing = 0;
			shellPath = /bin/sh;
			shellScript = "diff \"${PODS_ROOT}/../Podfile.lock\" \"${PODS_ROOT}/Manifest.lock\" > /dev/null\nif [[ $? != 0 ]] ; then\n    cat << EOM\nerror: The sandbox is not in sync with the Podfile.lock. Run 'pod install' or update your CocoaPods installation.\nEOM\n    exit 1\nfi\n";
			showEnvVarsInLog = 0;
		};
/* End PBXShellScriptBuildPhase section */

/* Begin PBXSourcesBuildPhase section */
		CC365A741B3888650029E716 /* Sources */ = {
			isa = PBXSourcesBuildPhase;
			buildActionMask = 2147483647;
			files = (
				CC365A841B3888650029E716 /* ViewController.m in Sources */,
				CC365A811B3888650029E716 /* AppDelegate.m in Sources */,
				CC365A7E1B3888650029E716 /* main.m in Sources */,
			);
			runOnlyForDeploymentPostprocessing = 0;
		};
		CC365A8D1B3888660029E716 /* Sources */ = {
			isa = PBXSourcesBuildPhase;
			buildActionMask = 2147483647;
			files = (
				CC365A981B3888660029E716 /* KILabel_AutoshrinkTests.m in Sources */,
			);
			runOnlyForDeploymentPostprocessing = 0;
		};
/* End PBXSourcesBuildPhase section */

/* Begin PBXTargetDependency section */
		CC365A931B3888660029E716 /* PBXTargetDependency */ = {
			isa = PBXTargetDependency;
			target = CC365A771B3888650029E716 /* KILabel_Autoshrink */;
			targetProxy = CC365A921B3888660029E716 /* PBXContainerItemProxy */;
		};
/* End PBXTargetDependency section */

/* Begin PBXVariantGroup section */
		CC365A851B3888650029E716 /* Main.storyboard */ = {
			isa = PBXVariantGroup;
			children = (
				CC365A861B3888650029E716 /* Base */,
			);
			name = Main.storyboard;
			sourceTree = "<group>";
		};
		CC365A8A1B3888650029E716 /* LaunchScreen.xib */ = {
			isa = PBXVariantGroup;
			children = (
				CC365A8B1B3888650029E716 /* Base */,
			);
			name = LaunchScreen.xib;
			sourceTree = "<group>";
		};
/* End PBXVariantGroup section */

/* Begin XCBuildConfiguration section */
		CC365A991B3888660029E716 /* Debug */ = {
			isa = XCBuildConfiguration;
			buildSettings = {
				ALWAYS_SEARCH_USER_PATHS = NO;
				CLANG_CXX_LANGUAGE_STANDARD = "gnu++0x";
				CLANG_CXX_LIBRARY = "libc++";
				CLANG_ENABLE_MODULES = YES;
				CLANG_ENABLE_OBJC_ARC = YES;
				CLANG_WARN_BOOL_CONVERSION = YES;
				CLANG_WARN_CONSTANT_CONVERSION = YES;
				CLANG_WARN_DIRECT_OBJC_ISA_USAGE = YES_ERROR;
				CLANG_WARN_EMPTY_BODY = YES;
				CLANG_WARN_ENUM_CONVERSION = YES;
				CLANG_WARN_INT_CONVERSION = YES;
				CLANG_WARN_OBJC_ROOT_CLASS = YES_ERROR;
				CLANG_WARN_UNREACHABLE_CODE = YES;
				CLANG_WARN__DUPLICATE_METHOD_MATCH = YES;
				"CODE_SIGN_IDENTITY[sdk=iphoneos*]" = "iPhone Developer";
				COPY_PHASE_STRIP = NO;
				DEBUG_INFORMATION_FORMAT = "dwarf-with-dsym";
				ENABLE_STRICT_OBJC_MSGSEND = YES;
				GCC_C_LANGUAGE_STANDARD = gnu99;
				GCC_DYNAMIC_NO_PIC = NO;
				GCC_NO_COMMON_BLOCKS = YES;
				GCC_OPTIMIZATION_LEVEL = 0;
				GCC_PREPROCESSOR_DEFINITIONS = (
					"DEBUG=1",
					"$(inherited)",
				);
				GCC_SYMBOLS_PRIVATE_EXTERN = NO;
				GCC_WARN_64_TO_32_BIT_CONVERSION = YES;
				GCC_WARN_ABOUT_RETURN_TYPE = YES_ERROR;
				GCC_WARN_UNDECLARED_SELECTOR = YES;
				GCC_WARN_UNINITIALIZED_AUTOS = YES_AGGRESSIVE;
				GCC_WARN_UNUSED_FUNCTION = YES;
				GCC_WARN_UNUSED_VARIABLE = YES;
				IPHONEOS_DEPLOYMENT_TARGET = 8.3;
				MTL_ENABLE_DEBUG_INFO = YES;
				ONLY_ACTIVE_ARCH = YES;
				SDKROOT = iphoneos;
			};
			name = Debug;
		};
		CC365A9A1B3888660029E716 /* Release */ = {
			isa = XCBuildConfiguration;
			buildSettings = {
				ALWAYS_SEARCH_USER_PATHS = NO;
				CLANG_CXX_LANGUAGE_STANDARD = "gnu++0x";
				CLANG_CXX_LIBRARY = "libc++";
				CLANG_ENABLE_MODULES = YES;
				CLANG_ENABLE_OBJC_ARC = YES;
				CLANG_WARN_BOOL_CONVERSION = YES;
				CLANG_WARN_CONSTANT_CONVERSION = YES;
				CLANG_WARN_DIRECT_OBJC_ISA_USAGE = YES_ERROR;
				CLANG_WARN_EMPTY_BODY = YES;
				CLANG_WARN_ENUM_CONVERSION = YES;
				CLANG_WARN_INT_CONVERSION = YES;
				CLANG_WARN_OBJC_ROOT_CLASS = YES_ERROR;
				CLANG_WARN_UNREACHABLE_CODE = YES;
				CLANG_WARN__DUPLICATE_METHOD_MATCH = YES;
				"CODE_SIGN_IDENTITY[sdk=iphoneos*]" = "iPhone Developer";
				COPY_PHASE_STRIP = NO;
				DEBUG_INFORMATION_FORMAT = "dwarf-with-dsym";
				ENABLE_NS_ASSERTIONS = NO;
				ENABLE_STRICT_OBJC_MSGSEND = YES;
				GCC_C_LANGUAGE_STANDARD = gnu99;
				GCC_NO_COMMON_BLOCKS = YES;
				GCC_WARN_64_TO_32_BIT_CONVERSION = YES;
				GCC_WARN_ABOUT_RETURN_TYPE = YES_ERROR;
				GCC_WARN_UNDECLARED_SELECTOR = YES;
				GCC_WARN_UNINITIALIZED_AUTOS = YES_AGGRESSIVE;
				GCC_WARN_UNUSED_FUNCTION = YES;
				GCC_WARN_UNUSED_VARIABLE = YES;
				IPHONEOS_DEPLOYMENT_TARGET = 8.3;
				MTL_ENABLE_DEBUG_INFO = NO;
				SDKROOT = iphoneos;
				VALIDATE_PRODUCT = YES;
			};
			name = Release;
		};
		CC365A9C1B3888660029E716 /* Debug */ = {
			isa = XCBuildConfiguration;
			baseConfigurationReference = 6CE37C415E46FF33FAE5BC18 /* Pods.debug.xcconfig */;
			buildSettings = {
				ASSETCATALOG_COMPILER_APPICON_NAME = AppIcon;
				INFOPLIST_FILE = KILabel_Autoshrink/Info.plist;
				LD_RUNPATH_SEARCH_PATHS = "$(inherited) @executable_path/Frameworks";
				PRODUCT_NAME = "$(TARGET_NAME)";
			};
			name = Debug;
		};
		CC365A9D1B3888660029E716 /* Release */ = {
			isa = XCBuildConfiguration;
			baseConfigurationReference = CAD5188DA33786F18E736E85 /* Pods.release.xcconfig */;
			buildSettings = {
				ASSETCATALOG_COMPILER_APPICON_NAME = AppIcon;
				INFOPLIST_FILE = KILabel_Autoshrink/Info.plist;
				LD_RUNPATH_SEARCH_PATHS = "$(inherited) @executable_path/Frameworks";
				PRODUCT_NAME = "$(TARGET_NAME)";
			};
			name = Release;
		};
		CC365A9F1B3888660029E716 /* Debug */ = {
			isa = XCBuildConfiguration;
			buildSettings = {
				BUNDLE_LOADER = "$(TEST_HOST)";
				FRAMEWORK_SEARCH_PATHS = (
					"$(SDKROOT)/Developer/Library/Frameworks",
					"$(inherited)",
				);
				GCC_PREPROCESSOR_DEFINITIONS = (
					"DEBUG=1",
					"$(inherited)",
				);
				INFOPLIST_FILE = KILabel_AutoshrinkTests/Info.plist;
				LD_RUNPATH_SEARCH_PATHS = "$(inherited) @executable_path/Frameworks @loader_path/Frameworks";
				PRODUCT_NAME = "$(TARGET_NAME)";
				TEST_HOST = "$(BUILT_PRODUCTS_DIR)/KILabel_Autoshrink.app/KILabel_Autoshrink";
			};
			name = Debug;
		};
		CC365AA01B3888660029E716 /* Release */ = {
			isa = XCBuildConfiguration;
			buildSettings = {
				BUNDLE_LOADER = "$(TEST_HOST)";
				FRAMEWORK_SEARCH_PATHS = (
					"$(SDKROOT)/Developer/Library/Frameworks",
					"$(inherited)",
				);
				INFOPLIST_FILE = KILabel_AutoshrinkTests/Info.plist;
				LD_RUNPATH_SEARCH_PATHS = "$(inherited) @executable_path/Frameworks @loader_path/Frameworks";
				PRODUCT_NAME = "$(TARGET_NAME)";
				TEST_HOST = "$(BUILT_PRODUCTS_DIR)/KILabel_Autoshrink.app/KILabel_Autoshrink";
			};
			name = Release;
		};
/* End XCBuildConfiguration section */

/* Begin XCConfigurationList section */
		CC365A731B3888650029E716 /* Build configuration list for PBXProject "KILabel_Autoshrink" */ = {
			isa = XCConfigurationList;
			buildConfigurations = (
				CC365A991B3888660029E716 /* Debug */,
				CC365A9A1B3888660029E716 /* Release */,
			);
			defaultConfigurationIsVisible = 0;
			defaultConfigurationName = Release;
		};
		CC365A9B1B3888660029E716 /* Build configuration list for PBXNativeTarget "KILabel_Autoshrink" */ = {
			isa = XCConfigurationList;
			buildConfigurations = (
				CC365A9C1B3888660029E716 /* Debug */,
				CC365A9D1B3888660029E716 /* Release */,
			);
			defaultConfigurationIsVisible = 0;
			defaultConfigurationName = Release;
		};
		CC365A9E1B3888660029E716 /* Build configuration list for PBXNativeTarget "KILabel_AutoshrinkTests" */ = {
			isa = XCConfigurationList;
			buildConfigurations = (
				CC365A9F1B3888660029E716 /* Debug */,
				CC365AA01B3888660029E716 /* Release */,
			);
			defaultConfigurationIsVisible = 0;
			defaultConfigurationName = Release;
		};
/* End XCConfigurationList section */
	};
	rootObject = CC365A701B3888650029E716 /* Project object */;
}
